
Microsoft Visual Studio Solution File, Format Version 12.00
# Visual Studio Version 17
VisualStudioVersion = 17.1.32414.318
MinimumVisualStudioVersion = 10.0.40219.1
Project("{FAE04EC0-301F-11D3-BF4B-00C04F79EFBC}") = "CRUD20", "CRUD20\CRUD20.csproj", "{C1E76BAA-68B0-4ABA-9CE3-A329E8398D58}"
EndProject
Global
	GlobalSection(SolutionConfigurationPlatforms) = preSolution
		Debug|Any CPU = Debug|Any CPU
		Release|Any CPU = Release|Any CPU
	EndGlobalSection
	GlobalSection(ProjectConfigurationPlatforms) = postSolution
		{C1E76BAA-68B0-4ABA-9CE3-A329E8398D58}.Debug|Any CPU.ActiveCfg = Debug|Any CPU
		{C1E76BAA-68B0-4ABA-9CE3-A329E8398D58}.Debug|Any CPU.Build.0 = Debug|Any CPU
		{C1E76BAA-68B0-4ABA-9CE3-A329E8398D58}.Release|Any CPU.ActiveCfg = Release|Any CPU
		{C1E76BAA-68B0-4ABA-9CE3-A329E8398D58}.Release|Any CPU.Build.0 = Release|Any CPU
	EndGlobalSection
	GlobalSection(SolutionProperties) = preSolution
		HideSolutionNode = FALSE
	EndGlobalSection
	GlobalSection(ExtensibilityGlobals) = postSolution
		SolutionGuid = {A55E9EAE-EA8F-4135-B412-0CCA9EE981C8}
	EndGlobalSection
EndGlobal
